schema: '2.0'
stages:
  load_dataset:
    cmd: venv/bin/python source/load_dataset.py
    deps:
    - path: source/load_dataset.py
      hash: md5
      md5: 83142bec94f4f9ba01b9cbb85daebbe1
      size: 1600
    params:
      params.yaml:
        dataset.huggingface_path: mcht67/Polyphonic-Bird-Set
        dataset.subset: PER
        path.dataset_metadata: stage_results/dataset_metadata.json
    outs:
    - path: stage_results/dataset_metadata.json
      hash: md5
      md5: d3875799b75f848cc2b987b3efead8e1
      size: 2388
  embed_with_perch:
    cmd: envs/perch-venv/bin/python source/embed_audio.py
    deps:
    - path: source/embed_audio.py
      hash: md5
      md5: 732b5bcc990bf113264691e22bfa1baf
      size: 13600
    - path: stage_results/dataset_metadata.json
      hash: md5
      md5: fd3ee9ef2ecf32225ac369ec3423d77c
      size: 144
    params:
      params.yaml:
        embeddings:
          input_features:
          - audio
          - no_noise_audio
          models:
          - perch_v2_cpu
          - birdnet_V2.3
    outs:
    - path: stage_results/embeddings_metadata.json
      hash: md5
      md5: 4b714c36f38eae7f9be69cb74743c337
      size: 142
  add_labels:
    cmd: venv/bin/python source/add_labels.py
    deps:
    - path: source/add_labels.py
      hash: md5
      md5: cfb58edd765635cccda10034d9b1bd98
      size: 7150
    - path: stage_results/dataset_metadata.json
      hash: md5
      md5: d3875799b75f848cc2b987b3efead8e1
      size: 2388
    params:
      params.yaml:
        labels:
          event_logits:
            num_logits: 16
          framewise_polyphony:
            num_frames: 16
        path.dataset: data/PER/
    outs:
    - path: data/PER/
      hash: md5
      md5: 15b50de77c595e48c4c6cb9fdeca2528.dir
      size: 3804252
      nfiles: 10
    - path: stage_results/added_labels_metadata.json
      hash: md5
      md5: edea1e974dfc50eb749c562725624182
      size: 148
  train:
    cmd: /opt/complete-venv/bin/python source/train.py
    deps:
    - path: source/train.py
      hash: md5
      md5: 62cebef69784608ab347f81f1c486372
      size: 20483
    params:
      params.yaml:
        dataset:
          huggingface_path: mcht67/Polyphonic-BirdSet-train
          subset: PER/PER_polyphonic_8
          max_polyphony: 8
          train_config: PER_polyphonic_8
          soundscape_config: PER/PER_polyphonic_8_soundscape_test
        general.random_seed: 42
        log:
          study_name: Pooled-Embeddings
          exp_name: test-exp
          keep_last_n_checkpoints: 5
          hyperparameters:
          - model
          - train.input_feature
          - embeddings
          - objectives
          - dataset.subset
          - dataset.train_config
          metrics:
          - val_loss
          - val_accuracy
        model:
          _target_: model.SimpleMLP
          hidden_units:
          - 512
          - 256
          dropout_rate: 0.3
        objectives:
          polyphony_degree:
            loss:
              _target_: tensorflow.keras.losses.MeanSquaredError
            weight: 1.0
            confusion_matrix:
              type: regression_round
              threshold: 0.5
            label: polyphony_degree
        train:
          input_feature: no_noise_audio
          input_feature_name: birdnet_V2.3_no_noise_audio_pooled_embeddings
          batch_size: 32
          learning_rate: 0.001
          early_stopping_patience: 10
          epochs: 100
          initial_epoch:
          num_batches_train:
          num_batches_val:
    outs:
    - path: train_output/Pooled-Embeddings/Birdnet_V2.3/
      hash: md5
      md5: e68cd12dd092ff58542ce60eeebfbbdb.dir
      size: 17379540
      nfiles: 7
  embed_audio_with_perch:
    cmd: stage-venvs/perch-venv/bin/python source/embed_audio.py
    deps:
    - path: source/embed_audio.py
      hash: md5
      md5: f41dcb1d4912ed54592f62e6d3bee895
      size: 19129
    - path: stage_results/dataset_metadata.json
      hash: md5
      md5: d3875799b75f848cc2b987b3efead8e1
      size: 2388
    params:
      params.yaml:
        embeddings:
          type: perch_v1
    outs:
    - path: stage_results/perch_embeddings_metadata.json
      hash: md5
      md5: 6f1900420d7aee9b2aea9327c5f0954d
      size: 104
  embed_audio_with_birdset:
    cmd: stage-venvs/train-venv/bin/python source/torch_embed_audio.py
    deps:
    - path: source/torch_embed_audio.py
      hash: md5
      md5: 592aaf913dd7959e1ebe0ea16cfe1a19
      size: 18948
    - path: stage_results/dataset_metadata.json
      hash: md5
      md5: d3875799b75f848cc2b987b3efead8e1
      size: 2388
    params:
      params.yaml:
        embeddings:
          type: perch_v1
    outs:
    - path: stage_results/birdset_embeddings_metadata.json
      hash: md5
      md5: 3f4209a31e1097e40b66ba4f24955df7
      size: 105
  upload_dataset:
    cmd: venv/bin/python source/upload_dataset.py
    deps:
    - path: data/PER/
      hash: md5
      md5: 15b50de77c595e48c4c6cb9fdeca2528.dir
      size: 3804252
      nfiles: 10
    - path: source/upload_dataset.py
      hash: md5
      md5: edc85892a0478a0080185669e2d9612c
      size: 918
    params:
      params.yaml:
        dataset.subset: PER
        path.dataset: data/PER/
